
Microsoft Visual Studio Solution File, Format Version 12.00
# Visual Studio Version 17
VisualStudioVersion = 17.0.31919.166
MinimumVisualStudioVersion = 10.0.40219.1
Project("{FAE04EC0-301F-11D3-BF4B-00C04F79EFBC}") = "Sistema_de_Cadastro", "Sistema_de_Cadastro.csproj", "{31968FA0-D7F6-405E-8E89-98891EF651BE}"
EndProject
Global
	GlobalSection(SolutionConfigurationPlatforms) = preSolution
		Debug|Any CPU = Debug|Any CPU
		Release|Any CPU = Release|Any CPU
	EndGlobalSection
	GlobalSection(ProjectConfigurationPlatforms) = postSolution
		{31968FA0-D7F6-405E-8E89-98891EF651BE}.Debug|Any CPU.ActiveCfg = Debug|Any CPU
		{31968FA0-D7F6-405E-8E89-98891EF651BE}.Debug|Any CPU.Build.0 = Debug|Any CPU
		{31968FA0-D7F6-405E-8E89-98891EF651BE}.Release|Any CPU.ActiveCfg = Release|Any CPU
		{31968FA0-D7F6-405E-8E89-98891EF651BE}.Release|Any CPU.Build.0 = Release|Any CPU
	EndGlobalSection
	GlobalSection(SolutionProperties) = preSolution
		HideSolutionNode = FALSE
	EndGlobalSection
	GlobalSection(ExtensibilityGlobals) = postSolution
		SolutionGuid = {6E3D9D8F-243B-421E-B8FD-B4F90CA2DD5B}
	EndGlobalSection
EndGlobal
